Microsoft Visual Studio Solution File, Format Version 12.00
# Visual Studio 15
VisualStudioVersion = 15.0.26430.15
MinimumVisualStudioVersion = 10.0.40219.1
Project("{9A19103F-16F7-4668-BE54-9A1E7A4F7556}") = "RhythmCodex.Ssq", "RhythmCodex.Ssq\RhythmCodex.Ssq.csproj", "{21EC8DC8-EF46-4B51-A707-6F5117BC82D4}"
EndProject
Project("{2150E333-8FDC-42A3-9474-1A3956D46DE8}") = "Library", "Library", "{67686204-29B7-469A-ADA6-40BABA8D3F25}"
EndProject
Project("{2150E333-8FDC-42A3-9474-1A3956D46DE8}") = "Test", "Test", "{CA5B22D7-6992-4458-A162-3AC980DC032C}"
EndProject
Project("{9A19103F-16F7-4668-BE54-9A1E7A4F7556}") = "RhythmCodex.Ssq.Test", "RhythmCodex.Ssq.Test\RhythmCodex.Ssq.Test.csproj", "{0609581F-279B-40FA-93C4-8F5481A680FF}"
EndProject
Project("{9A19103F-16F7-4668-BE54-9A1E7A4F7556}") = "RhythmCodex", "RhythmCodex.Lib\RhythmCodex.csproj", "{0A5952D3-92B8-43A4-B0E8-35C6F40DC320}"
EndProject
Project("{9A19103F-16F7-4668-BE54-9A1E7A4F7556}") = "RhythmCodex.Test", "RhythmCodex.Lib.Test\RhythmCodex.Test.csproj", "{9D5105F8-416E-4991-817D-6888ADB02CF1}"
EndProject
Project("{2150E333-8FDC-42A3-9474-1A3956D46DE8}") = "Client", "Client", "{C6204E35-6693-496E-95E0-E58D986E09E2}"
EndProject
Project("{9A19103F-16F7-4668-BE54-9A1E7A4F7556}") = "RhythmCodex.Cli", "RhythmCodex.Cli\RhythmCodex.Cli.csproj", "{2188AAFC-E5CB-4AAA-8112-A9B7A59C4661}"
EndProject
Project("{9A19103F-16F7-4668-BE54-9A1E7A4F7556}") = "RhythmCodex.Ioc", "RhythmCodex.Ioc\RhythmCodex.Ioc.csproj", "{5A3E9DA0-4B31-4FDA-A157-05E81B2AD205}"
EndProject
Project("{9A19103F-16F7-4668-BE54-9A1E7A4F7556}") = "RhythmCodex.Stepmania", "RhythmCodex.Stepmania\RhythmCodex.Stepmania.csproj", "{D89EE0A5-358E-45E8-9981-87EE582E5653}"
EndProject
Project("{9A19103F-16F7-4668-BE54-9A1E7A4F7556}") = "RhythmCodex.Stepmania.Test", "RhythmCodex.Stepmania.Test\RhythmCodex.Stepmania.Test.csproj", "{FDB94888-F289-4BC4-9DE1-0CD66482C413}"
EndProject
Project("{FAE04EC0-301F-11D3-BF4B-00C04F79EFBC}") = "RhythmCodex.Test.FullIntegration", "RhythmCodex.Test.FullIntegration\RhythmCodex.Test.FullIntegration.csproj", "{D254B81B-6AA6-43BE-A290-E0558B3D7FE7}"
EndProject
Project("{9A19103F-16F7-4668-BE54-9A1E7A4F7556}") = "RhythmCodex.Djmain", "RhythmCodex.Djmain\RhythmCodex.Djmain.csproj", "{D9AD0144-A437-4EA3-877F-B243639A5260}"
EndProject
Project("{9A19103F-16F7-4668-BE54-9A1E7A4F7556}") = "RhythmCodex.Djmain.Test", "RhythmCodex.Djmain.Test\RhythmCodex.Djmain.Test.csproj", "{69704011-657D-40DD-BA8C-85420EC52D9E}"
EndProject
Global
	GlobalSection(SolutionConfigurationPlatforms) = preSolution
		Debug|Any CPU = Debug|Any CPU
		Release|Any CPU = Release|Any CPU
	EndGlobalSection
	GlobalSection(ProjectConfigurationPlatforms) = postSolution
		{21EC8DC8-EF46-4B51-A707-6F5117BC82D4}.Debug|Any CPU.ActiveCfg = Debug|Any CPU
		{21EC8DC8-EF46-4B51-A707-6F5117BC82D4}.Debug|Any CPU.Build.0 = Debug|Any CPU
		{21EC8DC8-EF46-4B51-A707-6F5117BC82D4}.Release|Any CPU.ActiveCfg = Release|Any CPU
		{21EC8DC8-EF46-4B51-A707-6F5117BC82D4}.Release|Any CPU.Build.0 = Release|Any CPU
		{0609581F-279B-40FA-93C4-8F5481A680FF}.Debug|Any CPU.ActiveCfg = Debug|Any CPU
		{0609581F-279B-40FA-93C4-8F5481A680FF}.Debug|Any CPU.Build.0 = Debug|Any CPU
		{0609581F-279B-40FA-93C4-8F5481A680FF}.Release|Any CPU.ActiveCfg = Release|Any CPU
		{0609581F-279B-40FA-93C4-8F5481A680FF}.Release|Any CPU.Build.0 = Release|Any CPU
		{0A5952D3-92B8-43A4-B0E8-35C6F40DC320}.Debug|Any CPU.ActiveCfg = Debug|Any CPU
		{0A5952D3-92B8-43A4-B0E8-35C6F40DC320}.Debug|Any CPU.Build.0 = Debug|Any CPU
		{0A5952D3-92B8-43A4-B0E8-35C6F40DC320}.Release|Any CPU.ActiveCfg = Release|Any CPU
		{0A5952D3-92B8-43A4-B0E8-35C6F40DC320}.Release|Any CPU.Build.0 = Release|Any CPU
		{9D5105F8-416E-4991-817D-6888ADB02CF1}.Debug|Any CPU.ActiveCfg = Debug|Any CPU
		{9D5105F8-416E-4991-817D-6888ADB02CF1}.Debug|Any CPU.Build.0 = Debug|Any CPU
		{9D5105F8-416E-4991-817D-6888ADB02CF1}.Release|Any CPU.ActiveCfg = Release|Any CPU
		{9D5105F8-416E-4991-817D-6888ADB02CF1}.Release|Any CPU.Build.0 = Release|Any CPU
		{2188AAFC-E5CB-4AAA-8112-A9B7A59C4661}.Debug|Any CPU.ActiveCfg = Debug|Any CPU
		{2188AAFC-E5CB-4AAA-8112-A9B7A59C4661}.Debug|Any CPU.Build.0 = Debug|Any CPU
		{2188AAFC-E5CB-4AAA-8112-A9B7A59C4661}.Release|Any CPU.ActiveCfg = Release|Any CPU
		{2188AAFC-E5CB-4AAA-8112-A9B7A59C4661}.Release|Any CPU.Build.0 = Release|Any CPU
		{5A3E9DA0-4B31-4FDA-A157-05E81B2AD205}.Debug|Any CPU.ActiveCfg = Debug|Any CPU
		{5A3E9DA0-4B31-4FDA-A157-05E81B2AD205}.Debug|Any CPU.Build.0 = Debug|Any CPU
		{5A3E9DA0-4B31-4FDA-A157-05E81B2AD205}.Release|Any CPU.ActiveCfg = Release|Any CPU
		{5A3E9DA0-4B31-4FDA-A157-05E81B2AD205}.Release|Any CPU.Build.0 = Release|Any CPU
		{D89EE0A5-358E-45E8-9981-87EE582E5653}.Debug|Any CPU.ActiveCfg = Debug|Any CPU
		{D89EE0A5-358E-45E8-9981-87EE582E5653}.Debug|Any CPU.Build.0 = Debug|Any CPU
		{D89EE0A5-358E-45E8-9981-87EE582E5653}.Release|Any CPU.ActiveCfg = Release|Any CPU
		{D89EE0A5-358E-45E8-9981-87EE582E5653}.Release|Any CPU.Build.0 = Release|Any CPU
		{FDB94888-F289-4BC4-9DE1-0CD66482C413}.Debug|Any CPU.ActiveCfg = Debug|Any CPU
		{FDB94888-F289-4BC4-9DE1-0CD66482C413}.Debug|Any CPU.Build.0 = Debug|Any CPU
		{FDB94888-F289-4BC4-9DE1-0CD66482C413}.Release|Any CPU.ActiveCfg = Release|Any CPU
		{FDB94888-F289-4BC4-9DE1-0CD66482C413}.Release|Any CPU.Build.0 = Release|Any CPU
		{D254B81B-6AA6-43BE-A290-E0558B3D7FE7}.Debug|Any CPU.ActiveCfg = Debug|Any CPU
		{D254B81B-6AA6-43BE-A290-E0558B3D7FE7}.Debug|Any CPU.Build.0 = Debug|Any CPU
		{D254B81B-6AA6-43BE-A290-E0558B3D7FE7}.Release|Any CPU.ActiveCfg = Release|Any CPU
		{D254B81B-6AA6-43BE-A290-E0558B3D7FE7}.Release|Any CPU.Build.0 = Release|Any CPU
		{D9AD0144-A437-4EA3-877F-B243639A5260}.Debug|Any CPU.ActiveCfg = Debug|Any CPU
		{D9AD0144-A437-4EA3-877F-B243639A5260}.Debug|Any CPU.Build.0 = Debug|Any CPU
		{D9AD0144-A437-4EA3-877F-B243639A5260}.Release|Any CPU.ActiveCfg = Release|Any CPU
		{D9AD0144-A437-4EA3-877F-B243639A5260}.Release|Any CPU.Build.0 = Release|Any CPU
		{69704011-657D-40DD-BA8C-85420EC52D9E}.Debug|Any CPU.ActiveCfg = Debug|Any CPU
		{69704011-657D-40DD-BA8C-85420EC52D9E}.Debug|Any CPU.Build.0 = Debug|Any CPU
		{69704011-657D-40DD-BA8C-85420EC52D9E}.Release|Any CPU.ActiveCfg = Release|Any CPU
		{69704011-657D-40DD-BA8C-85420EC52D9E}.Release|Any CPU.Build.0 = Release|Any CPU
	EndGlobalSection
	GlobalSection(SolutionProperties) = preSolution
		HideSolutionNode = FALSE
	EndGlobalSection
	GlobalSection(NestedProjects) = preSolution
		{21EC8DC8-EF46-4B51-A707-6F5117BC82D4} = {67686204-29B7-469A-ADA6-40BABA8D3F25}
		{0609581F-279B-40FA-93C4-8F5481A680FF} = {CA5B22D7-6992-4458-A162-3AC980DC032C}
		{0A5952D3-92B8-43A4-B0E8-35C6F40DC320} = {67686204-29B7-469A-ADA6-40BABA8D3F25}
		{9D5105F8-416E-4991-817D-6888ADB02CF1} = {CA5B22D7-6992-4458-A162-3AC980DC032C}
		{2188AAFC-E5CB-4AAA-8112-A9B7A59C4661} = {C6204E35-6693-496E-95E0-E58D986E09E2}
		{5A3E9DA0-4B31-4FDA-A157-05E81B2AD205} = {C6204E35-6693-496E-95E0-E58D986E09E2}
		{D89EE0A5-358E-45E8-9981-87EE582E5653} = {67686204-29B7-469A-ADA6-40BABA8D3F25}
		{FDB94888-F289-4BC4-9DE1-0CD66482C413} = {CA5B22D7-6992-4458-A162-3AC980DC032C}
		{D254B81B-6AA6-43BE-A290-E0558B3D7FE7} = {CA5B22D7-6992-4458-A162-3AC980DC032C}
		{D9AD0144-A437-4EA3-877F-B243639A5260} = {67686204-29B7-469A-ADA6-40BABA8D3F25}
		{69704011-657D-40DD-BA8C-85420EC52D9E} = {CA5B22D7-6992-4458-A162-3AC980DC032C}
	EndGlobalSection
EndGlobal
