Microsoft Visual Studio Solution File, Format Version 12.00
# Visual Studio 15
VisualStudioVersion = 15.0.26430.13
MinimumVisualStudioVersion = 10.0.40219.1
Project("{2150E333-8FDC-42A3-9474-1A3956D46DE8}") = "Library", "Library", "{67686204-29B7-469A-ADA6-40BABA8D3F25}"
EndProject
Project("{2150E333-8FDC-42A3-9474-1A3956D46DE8}") = "Test", "Test", "{CA5B22D7-6992-4458-A162-3AC980DC032C}"
EndProject
Project("{9A19103F-16F7-4668-BE54-9A1E7A4F7556}") = "RhythmCodex", "RhythmCodex.Lib\RhythmCodex.csproj", "{0A5952D3-92B8-43A4-B0E8-35C6F40DC320}"
EndProject
Project("{9A19103F-16F7-4668-BE54-9A1E7A4F7556}") = "RhythmCodex.Test", "RhythmCodex.Lib.Test\RhythmCodex.Test.csproj", "{9D5105F8-416E-4991-817D-6888ADB02CF1}"
EndProject
Project("{2150E333-8FDC-42A3-9474-1A3956D46DE8}") = "Client", "Client", "{C6204E35-6693-496E-95E0-E58D986E09E2}"
EndProject
Project("{9A19103F-16F7-4668-BE54-9A1E7A4F7556}") = "RhythmCodex.Cli", "RhythmCodex.Cli\RhythmCodex.Cli.csproj", "{2188AAFC-E5CB-4AAA-8112-A9B7A59C4661}"
EndProject
Project("{FAE04EC0-301F-11D3-BF4B-00C04F79EFBC}") = "RhythmCodex.Cli.Test", "RhythmCodex.Cli.Test\RhythmCodex.Cli.Test.csproj", "{E9FD0B65-B340-4150-A11C-D5DA759CA8D6}"
EndProject
Project("{FAE04EC0-301F-11D3-BF4B-00C04F79EFBC}") = "RhythmCodex.Test.Data", "RhythmCodex.Lib.Test.Data\RhythmCodex.Test.Data.csproj", "{089B11C6-4BA9-49C9-B93F-B51AFF3F31F6}"
EndProject
Project("{FAE04EC0-301F-11D3-BF4B-00C04F79EFBC}") = "RhythmCodex.Gui", "RhythmCodex.Gui\RhythmCodex.Gui.csproj", "{F7E08C2F-77AA-48AE-8D9B-ED5B978EE028}"
EndProject
Project("{FAE04EC0-301F-11D3-BF4B-00C04F79EFBC}") = "RhythmCodex.Gui.Test", "RhythmCodex.Gui.Test\RhythmCodex.Gui.Test.csproj", "{5951D549-34D0-47AC-A144-638691B9F4CD}"
EndProject
Project("{2150E333-8FDC-42A3-9474-1A3956D46DE8}") = "Plugin", "Plugin", "{DA4CAEFE-6816-430B-908B-C6D0F8796AEC}"
EndProject
Project("{FAE04EC0-301F-11D3-BF4B-00C04F79EFBC}") = "RhythmCodex.Plugin.BouncyCastle", "RhythmCodex.Plugin.BouncyCastle\RhythmCodex.Plugin.BouncyCastle.csproj", "{DBFE54B5-4199-447F-8F0C-B304DD298F3D}"
EndProject
Project("{FAE04EC0-301F-11D3-BF4B-00C04F79EFBC}") = "RhythmCodex.Plugin.CSCore", "RhythmCodex.Plugin.CSCore\RhythmCodex.Plugin.CSCore.csproj", "{024702C8-CB1D-413E-90BF-ACCD41547AA7}"
EndProject
Project("{FAE04EC0-301F-11D3-BF4B-00C04F79EFBC}") = "RhythmCodex.Plugin.MP3Sharp", "RhythmCodex.Plugin.MP3Sharp\RhythmCodex.Plugin.MP3Sharp.csproj", "{81F8EFE9-CF36-4982-BC2C-229961A67286}"
EndProject
Project("{FAE04EC0-301F-11D3-BF4B-00C04F79EFBC}") = "RhythmCodex.Plugin.NVorbis", "RhythmCodex.Plugin.NVorbis\RhythmCodex.Plugin.NVorbis.csproj", "{D29B83DD-BBBF-4E81-8C35-A5B7F665F4D4}"
EndProject
Project("{FAE04EC0-301F-11D3-BF4B-00C04F79EFBC}") = "RhythmCodex.Plugin.SevenZip", "RhythmCodex.Plugin.SevenZip\RhythmCodex.Plugin.SevenZip.csproj", "{7A815285-3FAC-4021-B00D-EFE23AE4988C}"
EndProject
Project("{2150E333-8FDC-42A3-9474-1A3956D46DE8}") = "Docs", "Docs", "{44A45635-5452-4399-99D9-40F6A496A2C1}"
ProjectSection(SolutionItems) = preProject
	..\.gitignore = ..\.gitignore
	..\DESIGN.md = ..\DESIGN.md
	..\LICENSE.md = ..\LICENSE.md
	..\README.md = ..\README.md
EndProjectSection
EndProject
Project("{2150E333-8FDC-42A3-9474-1A3956D46DE8}") = "Build", "Build", "{C33870F0-797F-4C36-9CBB-14CAF0E1235E}"
ProjectSection(SolutionItems) = preProject
	..\publish.bat = ..\publish.bat
	..\publish.sh = ..\publish.sh
EndProjectSection
EndProject
Project("{FAE04EC0-301F-11D3-BF4B-00C04F79EFBC}") = "XwbExtract", "XwbExtract\XwbExtract.csproj", "{3DC90D6E-B7DE-4D5B-AE32-43331C1819F3}"
EndProject
Project("{FAE04EC0-301F-11D3-BF4B-00C04F79EFBC}") = "ClientCommon", "ClientCommon\ClientCommon.csproj", "{BE52B373-69ED-42BD-A153-E7A61EBD2277}"
EndProject
Global
	GlobalSection(SolutionConfigurationPlatforms) = preSolution
		Debug|Any CPU = Debug|Any CPU
		Release|Any CPU = Release|Any CPU
	EndGlobalSection
	GlobalSection(ProjectConfigurationPlatforms) = postSolution
		{0A5952D3-92B8-43A4-B0E8-35C6F40DC320}.Debug|Any CPU.ActiveCfg = Debug|Any CPU
		{0A5952D3-92B8-43A4-B0E8-35C6F40DC320}.Debug|Any CPU.Build.0 = Debug|Any CPU
		{0A5952D3-92B8-43A4-B0E8-35C6F40DC320}.Release|Any CPU.ActiveCfg = Release|Any CPU
		{0A5952D3-92B8-43A4-B0E8-35C6F40DC320}.Release|Any CPU.Build.0 = Release|Any CPU
		{9D5105F8-416E-4991-817D-6888ADB02CF1}.Debug|Any CPU.ActiveCfg = Debug|Any CPU
		{9D5105F8-416E-4991-817D-6888ADB02CF1}.Debug|Any CPU.Build.0 = Debug|Any CPU
		{9D5105F8-416E-4991-817D-6888ADB02CF1}.Release|Any CPU.ActiveCfg = Release|Any CPU
		{9D5105F8-416E-4991-817D-6888ADB02CF1}.Release|Any CPU.Build.0 = Release|Any CPU
		{2188AAFC-E5CB-4AAA-8112-A9B7A59C4661}.Debug|Any CPU.ActiveCfg = Debug|Any CPU
		{2188AAFC-E5CB-4AAA-8112-A9B7A59C4661}.Debug|Any CPU.Build.0 = Debug|Any CPU
		{2188AAFC-E5CB-4AAA-8112-A9B7A59C4661}.Release|Any CPU.ActiveCfg = Release|Any CPU
		{2188AAFC-E5CB-4AAA-8112-A9B7A59C4661}.Release|Any CPU.Build.0 = Release|Any CPU
		{E9FD0B65-B340-4150-A11C-D5DA759CA8D6}.Debug|Any CPU.ActiveCfg = Debug|Any CPU
		{E9FD0B65-B340-4150-A11C-D5DA759CA8D6}.Debug|Any CPU.Build.0 = Debug|Any CPU
		{E9FD0B65-B340-4150-A11C-D5DA759CA8D6}.Release|Any CPU.ActiveCfg = Release|Any CPU
		{E9FD0B65-B340-4150-A11C-D5DA759CA8D6}.Release|Any CPU.Build.0 = Release|Any CPU
		{089B11C6-4BA9-49C9-B93F-B51AFF3F31F6}.Debug|Any CPU.ActiveCfg = Debug|Any CPU
		{089B11C6-4BA9-49C9-B93F-B51AFF3F31F6}.Debug|Any CPU.Build.0 = Debug|Any CPU
		{089B11C6-4BA9-49C9-B93F-B51AFF3F31F6}.Release|Any CPU.ActiveCfg = Release|Any CPU
		{089B11C6-4BA9-49C9-B93F-B51AFF3F31F6}.Release|Any CPU.Build.0 = Release|Any CPU
		{F7E08C2F-77AA-48AE-8D9B-ED5B978EE028}.Debug|Any CPU.ActiveCfg = Debug|Any CPU
		{F7E08C2F-77AA-48AE-8D9B-ED5B978EE028}.Debug|Any CPU.Build.0 = Debug|Any CPU
		{F7E08C2F-77AA-48AE-8D9B-ED5B978EE028}.Release|Any CPU.ActiveCfg = Release|Any CPU
		{F7E08C2F-77AA-48AE-8D9B-ED5B978EE028}.Release|Any CPU.Build.0 = Release|Any CPU
		{5951D549-34D0-47AC-A144-638691B9F4CD}.Debug|Any CPU.ActiveCfg = Debug|Any CPU
		{5951D549-34D0-47AC-A144-638691B9F4CD}.Debug|Any CPU.Build.0 = Debug|Any CPU
		{5951D549-34D0-47AC-A144-638691B9F4CD}.Release|Any CPU.ActiveCfg = Release|Any CPU
		{5951D549-34D0-47AC-A144-638691B9F4CD}.Release|Any CPU.Build.0 = Release|Any CPU
		{DBFE54B5-4199-447F-8F0C-B304DD298F3D}.Debug|Any CPU.ActiveCfg = Debug|Any CPU
		{DBFE54B5-4199-447F-8F0C-B304DD298F3D}.Debug|Any CPU.Build.0 = Debug|Any CPU
		{DBFE54B5-4199-447F-8F0C-B304DD298F3D}.Release|Any CPU.ActiveCfg = Release|Any CPU
		{DBFE54B5-4199-447F-8F0C-B304DD298F3D}.Release|Any CPU.Build.0 = Release|Any CPU
		{024702C8-CB1D-413E-90BF-ACCD41547AA7}.Debug|Any CPU.ActiveCfg = Debug|Any CPU
		{024702C8-CB1D-413E-90BF-ACCD41547AA7}.Debug|Any CPU.Build.0 = Debug|Any CPU
		{024702C8-CB1D-413E-90BF-ACCD41547AA7}.Release|Any CPU.ActiveCfg = Release|Any CPU
		{024702C8-CB1D-413E-90BF-ACCD41547AA7}.Release|Any CPU.Build.0 = Release|Any CPU
		{81F8EFE9-CF36-4982-BC2C-229961A67286}.Debug|Any CPU.ActiveCfg = Debug|Any CPU
		{81F8EFE9-CF36-4982-BC2C-229961A67286}.Debug|Any CPU.Build.0 = Debug|Any CPU
		{81F8EFE9-CF36-4982-BC2C-229961A67286}.Release|Any CPU.ActiveCfg = Release|Any CPU
		{81F8EFE9-CF36-4982-BC2C-229961A67286}.Release|Any CPU.Build.0 = Release|Any CPU
		{D29B83DD-BBBF-4E81-8C35-A5B7F665F4D4}.Debug|Any CPU.ActiveCfg = Debug|Any CPU
		{D29B83DD-BBBF-4E81-8C35-A5B7F665F4D4}.Debug|Any CPU.Build.0 = Debug|Any CPU
		{D29B83DD-BBBF-4E81-8C35-A5B7F665F4D4}.Release|Any CPU.ActiveCfg = Release|Any CPU
		{D29B83DD-BBBF-4E81-8C35-A5B7F665F4D4}.Release|Any CPU.Build.0 = Release|Any CPU
		{7A815285-3FAC-4021-B00D-EFE23AE4988C}.Debug|Any CPU.ActiveCfg = Debug|Any CPU
		{7A815285-3FAC-4021-B00D-EFE23AE4988C}.Debug|Any CPU.Build.0 = Debug|Any CPU
		{7A815285-3FAC-4021-B00D-EFE23AE4988C}.Release|Any CPU.ActiveCfg = Release|Any CPU
		{7A815285-3FAC-4021-B00D-EFE23AE4988C}.Release|Any CPU.Build.0 = Release|Any CPU
		{3DC90D6E-B7DE-4D5B-AE32-43331C1819F3}.Debug|Any CPU.ActiveCfg = Debug|Any CPU
		{3DC90D6E-B7DE-4D5B-AE32-43331C1819F3}.Debug|Any CPU.Build.0 = Debug|Any CPU
		{3DC90D6E-B7DE-4D5B-AE32-43331C1819F3}.Release|Any CPU.ActiveCfg = Release|Any CPU
		{3DC90D6E-B7DE-4D5B-AE32-43331C1819F3}.Release|Any CPU.Build.0 = Release|Any CPU
		{BE52B373-69ED-42BD-A153-E7A61EBD2277}.Debug|Any CPU.ActiveCfg = Debug|Any CPU
		{BE52B373-69ED-42BD-A153-E7A61EBD2277}.Debug|Any CPU.Build.0 = Debug|Any CPU
		{BE52B373-69ED-42BD-A153-E7A61EBD2277}.Release|Any CPU.ActiveCfg = Release|Any CPU
		{BE52B373-69ED-42BD-A153-E7A61EBD2277}.Release|Any CPU.Build.0 = Release|Any CPU
	EndGlobalSection
	GlobalSection(SolutionProperties) = preSolution
		HideSolutionNode = FALSE
	EndGlobalSection
	GlobalSection(NestedProjects) = preSolution
		{0A5952D3-92B8-43A4-B0E8-35C6F40DC320} = {67686204-29B7-469A-ADA6-40BABA8D3F25}
		{9D5105F8-416E-4991-817D-6888ADB02CF1} = {CA5B22D7-6992-4458-A162-3AC980DC032C}
		{2188AAFC-E5CB-4AAA-8112-A9B7A59C4661} = {C6204E35-6693-496E-95E0-E58D986E09E2}
		{E9FD0B65-B340-4150-A11C-D5DA759CA8D6} = {CA5B22D7-6992-4458-A162-3AC980DC032C}
		{089B11C6-4BA9-49C9-B93F-B51AFF3F31F6} = {CA5B22D7-6992-4458-A162-3AC980DC032C}
		{F7E08C2F-77AA-48AE-8D9B-ED5B978EE028} = {C6204E35-6693-496E-95E0-E58D986E09E2}
		{5951D549-34D0-47AC-A144-638691B9F4CD} = {CA5B22D7-6992-4458-A162-3AC980DC032C}
		{DBFE54B5-4199-447F-8F0C-B304DD298F3D} = {DA4CAEFE-6816-430B-908B-C6D0F8796AEC}
		{024702C8-CB1D-413E-90BF-ACCD41547AA7} = {DA4CAEFE-6816-430B-908B-C6D0F8796AEC}
		{81F8EFE9-CF36-4982-BC2C-229961A67286} = {DA4CAEFE-6816-430B-908B-C6D0F8796AEC}
		{D29B83DD-BBBF-4E81-8C35-A5B7F665F4D4} = {DA4CAEFE-6816-430B-908B-C6D0F8796AEC}
		{7A815285-3FAC-4021-B00D-EFE23AE4988C} = {DA4CAEFE-6816-430B-908B-C6D0F8796AEC}
		{3DC90D6E-B7DE-4D5B-AE32-43331C1819F3} = {C6204E35-6693-496E-95E0-E58D986E09E2}
		{BE52B373-69ED-42BD-A153-E7A61EBD2277} = {C6204E35-6693-496E-95E0-E58D986E09E2}
	EndGlobalSection
EndGlobal
